
Microsoft Visual Studio Solution File, Format Version 12.00
# Visual Studio 15
VisualStudioVersion = 15.0.28307.705
MinimumVisualStudioVersion = 10.0.40219.1
Project("{9A19103F-16F7-4668-BE54-9A1E7A4F7556}") = "SIS.HTTP", "SIS.HTTP\SIS.HTTP.csproj", "{155EB287-733C-49E9-82B1-48298C154307}"
EndProject
Project("{9A19103F-16F7-4668-BE54-9A1E7A4F7556}") = "SIS.WebServer", "SIS.WebServer\SIS.WebServer.csproj", "{C557013E-492E-4603-A9C1-11DB9774174C}"
EndProject
Project("{2150E333-8FDC-42A3-9474-1A3956D46DE8}") = "CakeApp", "CakeApp", "{DB53C8F3-4496-4241-81CE-4AE6391BD01F}"
EndProject
Project("{9A19103F-16F7-4668-BE54-9A1E7A4F7556}") = "Application", "Application\Application.csproj", "{E9AB38DF-6E14-4659-BA47-5883EA32E534}"
EndProject
Project("{9A19103F-16F7-4668-BE54-9A1E7A4F7556}") = "Infrastructure.Data", "Infrastructure.Data\Infrastructure.Data.csproj", "{6423B110-14F9-4295-BEC0-D96BCDCA5E4E}"
EndProject
Project("{9A19103F-16F7-4668-BE54-9A1E7A4F7556}") = "Infrastructure.Models", "Infrastructure.Models\Infrastructure.Models.csproj", "{13D4298F-3DEE-4019-8D28-C967414C06CE}"
EndProject
Project("{9A19103F-16F7-4668-BE54-9A1E7A4F7556}") = "SIS.MVC", "SIS.MVC\SIS.MVC.csproj", "{15E2A59C-4043-4E5C-B9DE-419848A1E0C7}"
EndProject
Project("{9A19103F-16F7-4668-BE54-9A1E7A4F7556}") = "WebServer.Tests", "WebServer.Tests\WebServer.Tests.csproj", "{F510305F-169E-47DC-AE3A-CBBE7563FEE2}"
EndProject
Project("{2150E333-8FDC-42A3-9474-1A3956D46DE8}") = "MishMashExam_28_August_2018", "MishMashExam_28_August_2018", "{CCE63F88-86DA-407F-B81B-B3AD19C58056}"
EndProject
Project("{9A19103F-16F7-4668-BE54-9A1E7A4F7556}") = "MishMashApplication", "MishMashApplication\MishMashApplication.csproj", "{1B64E7B8-9D33-4ED3-9EF7-C2E8CF66E1D5}"
EndProject
Project("{2150E333-8FDC-42A3-9474-1A3956D46DE8}") = "TorshiaExam_05 September 2018", "TorshiaExam_05 September 2018", "{038DC7D7-114A-4A6B-8C8E-EADBB947C8C3}"
EndProject
Project("{FAE04EC0-301F-11D3-BF4B-00C04F79EFBC}") = "TorshiaApp", "TorshiaApp\TorshiaApp.csproj", "{C4EDD5B8-DBDA-433F-AEA8-DA52BADA82CC}"
EndProject
Global
	GlobalSection(SolutionConfigurationPlatforms) = preSolution
		Debug|Any CPU = Debug|Any CPU
		Release|Any CPU = Release|Any CPU
	EndGlobalSection
	GlobalSection(ProjectConfigurationPlatforms) = postSolution
		{155EB287-733C-49E9-82B1-48298C154307}.Debug|Any CPU.ActiveCfg = Debug|Any CPU
		{155EB287-733C-49E9-82B1-48298C154307}.Debug|Any CPU.Build.0 = Debug|Any CPU
		{155EB287-733C-49E9-82B1-48298C154307}.Release|Any CPU.ActiveCfg = Release|Any CPU
		{155EB287-733C-49E9-82B1-48298C154307}.Release|Any CPU.Build.0 = Release|Any CPU
		{C557013E-492E-4603-A9C1-11DB9774174C}.Debug|Any CPU.ActiveCfg = Debug|Any CPU
		{C557013E-492E-4603-A9C1-11DB9774174C}.Debug|Any CPU.Build.0 = Debug|Any CPU
		{C557013E-492E-4603-A9C1-11DB9774174C}.Release|Any CPU.ActiveCfg = Release|Any CPU
		{C557013E-492E-4603-A9C1-11DB9774174C}.Release|Any CPU.Build.0 = Release|Any CPU
		{E9AB38DF-6E14-4659-BA47-5883EA32E534}.Debug|Any CPU.ActiveCfg = Debug|Any CPU
		{E9AB38DF-6E14-4659-BA47-5883EA32E534}.Debug|Any CPU.Build.0 = Debug|Any CPU
		{E9AB38DF-6E14-4659-BA47-5883EA32E534}.Release|Any CPU.ActiveCfg = Release|Any CPU
		{E9AB38DF-6E14-4659-BA47-5883EA32E534}.Release|Any CPU.Build.0 = Release|Any CPU
		{6423B110-14F9-4295-BEC0-D96BCDCA5E4E}.Debug|Any CPU.ActiveCfg = Debug|Any CPU
		{6423B110-14F9-4295-BEC0-D96BCDCA5E4E}.Debug|Any CPU.Build.0 = Debug|Any CPU
		{6423B110-14F9-4295-BEC0-D96BCDCA5E4E}.Release|Any CPU.ActiveCfg = Release|Any CPU
		{6423B110-14F9-4295-BEC0-D96BCDCA5E4E}.Release|Any CPU.Build.0 = Release|Any CPU
		{13D4298F-3DEE-4019-8D28-C967414C06CE}.Debug|Any CPU.ActiveCfg = Debug|Any CPU
		{13D4298F-3DEE-4019-8D28-C967414C06CE}.Debug|Any CPU.Build.0 = Debug|Any CPU
		{13D4298F-3DEE-4019-8D28-C967414C06CE}.Release|Any CPU.ActiveCfg = Release|Any CPU
		{13D4298F-3DEE-4019-8D28-C967414C06CE}.Release|Any CPU.Build.0 = Release|Any CPU
		{15E2A59C-4043-4E5C-B9DE-419848A1E0C7}.Debug|Any CPU.ActiveCfg = Debug|Any CPU
		{15E2A59C-4043-4E5C-B9DE-419848A1E0C7}.Debug|Any CPU.Build.0 = Debug|Any CPU
		{15E2A59C-4043-4E5C-B9DE-419848A1E0C7}.Release|Any CPU.ActiveCfg = Release|Any CPU
		{15E2A59C-4043-4E5C-B9DE-419848A1E0C7}.Release|Any CPU.Build.0 = Release|Any CPU
		{F510305F-169E-47DC-AE3A-CBBE7563FEE2}.Debug|Any CPU.ActiveCfg = Debug|Any CPU
		{F510305F-169E-47DC-AE3A-CBBE7563FEE2}.Debug|Any CPU.Build.0 = Debug|Any CPU
		{F510305F-169E-47DC-AE3A-CBBE7563FEE2}.Release|Any CPU.ActiveCfg = Release|Any CPU
		{F510305F-169E-47DC-AE3A-CBBE7563FEE2}.Release|Any CPU.Build.0 = Release|Any CPU
		{1B64E7B8-9D33-4ED3-9EF7-C2E8CF66E1D5}.Debug|Any CPU.ActiveCfg = Debug|Any CPU
		{1B64E7B8-9D33-4ED3-9EF7-C2E8CF66E1D5}.Debug|Any CPU.Build.0 = Debug|Any CPU
		{1B64E7B8-9D33-4ED3-9EF7-C2E8CF66E1D5}.Release|Any CPU.ActiveCfg = Release|Any CPU
		{1B64E7B8-9D33-4ED3-9EF7-C2E8CF66E1D5}.Release|Any CPU.Build.0 = Release|Any CPU
		{C4EDD5B8-DBDA-433F-AEA8-DA52BADA82CC}.Debug|Any CPU.ActiveCfg = Debug|Any CPU
		{C4EDD5B8-DBDA-433F-AEA8-DA52BADA82CC}.Debug|Any CPU.Build.0 = Debug|Any CPU
		{C4EDD5B8-DBDA-433F-AEA8-DA52BADA82CC}.Release|Any CPU.ActiveCfg = Release|Any CPU
		{C4EDD5B8-DBDA-433F-AEA8-DA52BADA82CC}.Release|Any CPU.Build.0 = Release|Any CPU
	EndGlobalSection
	GlobalSection(SolutionProperties) = preSolution
		HideSolutionNode = FALSE
	EndGlobalSection
	GlobalSection(NestedProjects) = preSolution
		{E9AB38DF-6E14-4659-BA47-5883EA32E534} = {DB53C8F3-4496-4241-81CE-4AE6391BD01F}
		{6423B110-14F9-4295-BEC0-D96BCDCA5E4E} = {DB53C8F3-4496-4241-81CE-4AE6391BD01F}
		{13D4298F-3DEE-4019-8D28-C967414C06CE} = {DB53C8F3-4496-4241-81CE-4AE6391BD01F}
		{1B64E7B8-9D33-4ED3-9EF7-C2E8CF66E1D5} = {CCE63F88-86DA-407F-B81B-B3AD19C58056}
		{C4EDD5B8-DBDA-433F-AEA8-DA52BADA82CC} = {038DC7D7-114A-4A6B-8C8E-EADBB947C8C3}
	EndGlobalSection
	GlobalSection(ExtensibilityGlobals) = postSolution
		SolutionGuid = {33498451-F045-4A66-A59D-61A932A8CA81}
	EndGlobalSection
EndGlobal
