
Microsoft Visual Studio Solution File, Format Version 12.00
# Visual Studio 15
VisualStudioVersion = 15.0.28307.705
MinimumVisualStudioVersion = 10.0.40219.1
Project("{9A19103F-16F7-4668-BE54-9A1E7A4F7556}") = "SIS.HTTP", "SIS.HTTP\SIS.HTTP.csproj", "{155EB287-733C-49E9-82B1-48298C154307}"
EndProject
Project("{9A19103F-16F7-4668-BE54-9A1E7A4F7556}") = "SIS.WebServer", "SIS.WebServer\SIS.WebServer.csproj", "{C557013E-492E-4603-A9C1-11DB9774174C}"
EndProject
Project("{9A19103F-16F7-4668-BE54-9A1E7A4F7556}") = "SIS.Demo", "SIS.Demo\SIS.Demo.csproj", "{DFDB61A6-5C2B-4E7B-9CA5-2834FEDF4C9F}"
EndProject
Project("{2150E333-8FDC-42A3-9474-1A3956D46DE8}") = "CakeApp", "CakeApp", "{DB53C8F3-4496-4241-81CE-4AE6391BD01F}"
EndProject
Project("{9A19103F-16F7-4668-BE54-9A1E7A4F7556}") = "Application", "Application\Application.csproj", "{E9AB38DF-6E14-4659-BA47-5883EA32E534}"
EndProject
Project("{9A19103F-16F7-4668-BE54-9A1E7A4F7556}") = "Infrastructure.Data", "Infrastructure.Data\Infrastructure.Data.csproj", "{6423B110-14F9-4295-BEC0-D96BCDCA5E4E}"
EndProject
Project("{9A19103F-16F7-4668-BE54-9A1E7A4F7556}") = "Infrastructure.Models", "Infrastructure.Models\Infrastructure.Models.csproj", "{13D4298F-3DEE-4019-8D28-C967414C06CE}"
EndProject
Project("{2150E333-8FDC-42A3-9474-1A3956D46DE8}") = "IRunesApp", "IRunesApp", "{C54599CF-FA34-4E36-9108-51022D0B86FD}"
EndProject
Project("{FAE04EC0-301F-11D3-BF4B-00C04F79EFBC}") = "IRunes.Infrastructure.Data", "IRunes.Infrastructure.Data\IRunes.Infrastructure.Data.csproj", "{0A9F063C-5857-4173-85E9-E61302B1D951}"
EndProject
Project("{FAE04EC0-301F-11D3-BF4B-00C04F79EFBC}") = "IRunes.Infrastructure.Models", "IRunes.Infrastructure.Models\IRunes.Infrastructure.Models.csproj", "{002F1493-4DB7-4308-B83B-22159831AA0E}"
EndProject
Project("{FAE04EC0-301F-11D3-BF4B-00C04F79EFBC}") = "IRunes.Application", "IRunes.Application\IRunes.Application.csproj", "{FA80C716-B5B7-40C0-967E-80F430B27DE2}"
EndProject
Global
	GlobalSection(SolutionConfigurationPlatforms) = preSolution
		Debug|Any CPU = Debug|Any CPU
		Release|Any CPU = Release|Any CPU
	EndGlobalSection
	GlobalSection(ProjectConfigurationPlatforms) = postSolution
		{155EB287-733C-49E9-82B1-48298C154307}.Debug|Any CPU.ActiveCfg = Debug|Any CPU
		{155EB287-733C-49E9-82B1-48298C154307}.Debug|Any CPU.Build.0 = Debug|Any CPU
		{155EB287-733C-49E9-82B1-48298C154307}.Release|Any CPU.ActiveCfg = Release|Any CPU
		{155EB287-733C-49E9-82B1-48298C154307}.Release|Any CPU.Build.0 = Release|Any CPU
		{C557013E-492E-4603-A9C1-11DB9774174C}.Debug|Any CPU.ActiveCfg = Debug|Any CPU
		{C557013E-492E-4603-A9C1-11DB9774174C}.Debug|Any CPU.Build.0 = Debug|Any CPU
		{C557013E-492E-4603-A9C1-11DB9774174C}.Release|Any CPU.ActiveCfg = Release|Any CPU
		{C557013E-492E-4603-A9C1-11DB9774174C}.Release|Any CPU.Build.0 = Release|Any CPU
		{DFDB61A6-5C2B-4E7B-9CA5-2834FEDF4C9F}.Debug|Any CPU.ActiveCfg = Debug|Any CPU
		{DFDB61A6-5C2B-4E7B-9CA5-2834FEDF4C9F}.Debug|Any CPU.Build.0 = Debug|Any CPU
		{DFDB61A6-5C2B-4E7B-9CA5-2834FEDF4C9F}.Release|Any CPU.ActiveCfg = Release|Any CPU
		{DFDB61A6-5C2B-4E7B-9CA5-2834FEDF4C9F}.Release|Any CPU.Build.0 = Release|Any CPU
		{E9AB38DF-6E14-4659-BA47-5883EA32E534}.Debug|Any CPU.ActiveCfg = Debug|Any CPU
		{E9AB38DF-6E14-4659-BA47-5883EA32E534}.Debug|Any CPU.Build.0 = Debug|Any CPU
		{E9AB38DF-6E14-4659-BA47-5883EA32E534}.Release|Any CPU.ActiveCfg = Release|Any CPU
		{E9AB38DF-6E14-4659-BA47-5883EA32E534}.Release|Any CPU.Build.0 = Release|Any CPU
		{6423B110-14F9-4295-BEC0-D96BCDCA5E4E}.Debug|Any CPU.ActiveCfg = Debug|Any CPU
		{6423B110-14F9-4295-BEC0-D96BCDCA5E4E}.Debug|Any CPU.Build.0 = Debug|Any CPU
		{6423B110-14F9-4295-BEC0-D96BCDCA5E4E}.Release|Any CPU.ActiveCfg = Release|Any CPU
		{6423B110-14F9-4295-BEC0-D96BCDCA5E4E}.Release|Any CPU.Build.0 = Release|Any CPU
		{13D4298F-3DEE-4019-8D28-C967414C06CE}.Debug|Any CPU.ActiveCfg = Debug|Any CPU
		{13D4298F-3DEE-4019-8D28-C967414C06CE}.Debug|Any CPU.Build.0 = Debug|Any CPU
		{13D4298F-3DEE-4019-8D28-C967414C06CE}.Release|Any CPU.ActiveCfg = Release|Any CPU
		{13D4298F-3DEE-4019-8D28-C967414C06CE}.Release|Any CPU.Build.0 = Release|Any CPU
		{0A9F063C-5857-4173-85E9-E61302B1D951}.Debug|Any CPU.ActiveCfg = Debug|Any CPU
		{0A9F063C-5857-4173-85E9-E61302B1D951}.Debug|Any CPU.Build.0 = Debug|Any CPU
		{0A9F063C-5857-4173-85E9-E61302B1D951}.Release|Any CPU.ActiveCfg = Release|Any CPU
		{0A9F063C-5857-4173-85E9-E61302B1D951}.Release|Any CPU.Build.0 = Release|Any CPU
		{002F1493-4DB7-4308-B83B-22159831AA0E}.Debug|Any CPU.ActiveCfg = Debug|Any CPU
		{002F1493-4DB7-4308-B83B-22159831AA0E}.Debug|Any CPU.Build.0 = Debug|Any CPU
		{002F1493-4DB7-4308-B83B-22159831AA0E}.Release|Any CPU.ActiveCfg = Release|Any CPU
		{002F1493-4DB7-4308-B83B-22159831AA0E}.Release|Any CPU.Build.0 = Release|Any CPU
		{FA80C716-B5B7-40C0-967E-80F430B27DE2}.Debug|Any CPU.ActiveCfg = Debug|Any CPU
		{FA80C716-B5B7-40C0-967E-80F430B27DE2}.Debug|Any CPU.Build.0 = Debug|Any CPU
		{FA80C716-B5B7-40C0-967E-80F430B27DE2}.Release|Any CPU.ActiveCfg = Release|Any CPU
		{FA80C716-B5B7-40C0-967E-80F430B27DE2}.Release|Any CPU.Build.0 = Release|Any CPU
	EndGlobalSection
	GlobalSection(SolutionProperties) = preSolution
		HideSolutionNode = FALSE
	EndGlobalSection
	GlobalSection(NestedProjects) = preSolution
		{E9AB38DF-6E14-4659-BA47-5883EA32E534} = {DB53C8F3-4496-4241-81CE-4AE6391BD01F}
		{6423B110-14F9-4295-BEC0-D96BCDCA5E4E} = {DB53C8F3-4496-4241-81CE-4AE6391BD01F}
		{13D4298F-3DEE-4019-8D28-C967414C06CE} = {DB53C8F3-4496-4241-81CE-4AE6391BD01F}
		{0A9F063C-5857-4173-85E9-E61302B1D951} = {C54599CF-FA34-4E36-9108-51022D0B86FD}
		{002F1493-4DB7-4308-B83B-22159831AA0E} = {C54599CF-FA34-4E36-9108-51022D0B86FD}
		{FA80C716-B5B7-40C0-967E-80F430B27DE2} = {C54599CF-FA34-4E36-9108-51022D0B86FD}
	EndGlobalSection
	GlobalSection(ExtensibilityGlobals) = postSolution
		SolutionGuid = {33498451-F045-4A66-A59D-61A932A8CA81}
	EndGlobalSection
EndGlobal
